// !$*UTF8*$!
{
	archiveVersion = 1;
	classes = {
	};
	objectVersion = 50;
	objects = {

/* Begin PBXBuildFile section */
		787E4424234B1B5C00AD8531 /* AppDelegate.swift in Sources */ = {isa = PBXBuildFile; fileRef = 787E4423234B1B5C00AD8531 /* AppDelegate.swift */; };
		787E4426234B1B5C00AD8531 /* SceneDelegate.swift in Sources */ = {isa = PBXBuildFile; fileRef = 787E4425234B1B5C00AD8531 /* SceneDelegate.swift */; };
		787E4428234B1B5C00AD8531 /* ContentView.swift in Sources */ = {isa = PBXBuildFile; fileRef = 787E4427234B1B5C00AD8531 /* ContentView.swift */; };
		787E442A234B1B6000AD8531 /* Assets.xcassets in Resources */ = {isa = PBXBuildFile; fileRef = 787E4429234B1B6000AD8531 /* Assets.xcassets */; };
		787E442D234B1B6000AD8531 /* Preview Assets.xcassets in Resources */ = {isa = PBXBuildFile; fileRef = 787E442C234B1B6000AD8531 /* Preview Assets.xcassets */; };
		787E4430234B1B6000AD8531 /* LaunchScreen.storyboard in Resources */ = {isa = PBXBuildFile; fileRef = 787E442E234B1B6000AD8531 /* LaunchScreen.storyboard */; };
		787E4458234B4EFB00AD8531 /* ProfitView.swift in Sources */ = {isa = PBXBuildFile; fileRef = 787E4457234B4EFB00AD8531 /* ProfitView.swift */; };
/* End PBXBuildFile section */

/* Begin PBXFileReference section */
		787E4420234B1B5C00AD8531 /* Finance.app */ = {isa = PBXFileReference; explicitFileType = wrapper.application; includeInIndex = 0; path = Finance.app; sourceTree = BUILT_PRODUCTS_DIR; };
		787E4423234B1B5C00AD8531 /* AppDelegate.swift */ = {isa = PBXFileReference; lastKnownFileType = sourcecode.swift; path = AppDelegate.swift; sourceTree = "<group>"; };
		787E4425234B1B5C00AD8531 /* SceneDelegate.swift */ = {isa = PBXFileReference; lastKnownFileType = sourcecode.swift; path = SceneDelegate.swift; sourceTree = "<group>"; };
		787E4427234B1B5C00AD8531 /* ContentView.swift */ = {isa = PBXFileReference; lastKnownFileType = sourcecode.swift; path = ContentView.swift; sourceTree = "<group>"; };
		787E4429234B1B6000AD8531 /* Assets.xcassets */ = {isa = PBXFileReference; lastKnownFileType = folder.assetcatalog; path = Assets.xcassets; sourceTree = "<group>"; };
		787E442C234B1B6000AD8531 /* Preview Assets.xcassets */ = {isa = PBXFileReference; lastKnownFileType = folder.assetcatalog; path = "Preview Assets.xcassets"; sourceTree = "<group>"; };
		787E442F234B1B6000AD8531 /* Base */ = {isa = PBXFileReference; lastKnownFileType = file.storyboard; name = Base; path = Base.lproj/LaunchScreen.storyboard; sourceTree = "<group>"; };
		787E4431234B1B6000AD8531 /* Info.plist */ = {isa = PBXFileReference; lastKnownFileType = text.plist.xml; path = Info.plist; sourceTree = "<group>"; };
		787E4457234B4EFB00AD8531 /* ProfitView.swift */ = {isa = PBXFileReference; lastKnownFileType = sourcecode.swift; path = ProfitView.swift; sourceTree = "<group>"; };
/* End PBXFileReference section */

/* Begin PBXFrameworksBuildPhase section */
		787E441D234B1B5C00AD8531 /* Frameworks */ = {
			isa = PBXFrameworksBuildPhase;
			buildActionMask = 2147483647;
			files = (
			);
			runOnlyForDeploymentPostprocessing = 0;
		};
/* End PBXFrameworksBuildPhase section */

/* Begin PBXGroup section */
		787E4417234B1B5C00AD8531 = {
			isa = PBXGroup;
			children = (
				787E4422234B1B5C00AD8531 /* Finance */,
				787E4421234B1B5C00AD8531 /* Products */,
			);
			sourceTree = "<group>";
		};
		787E4421234B1B5C00AD8531 /* Products */ = {
			isa = PBXGroup;
			children = (
				787E4420234B1B5C00AD8531 /* Finance.app */,
			);
			name = Products;
			sourceTree = "<group>";
		};
		787E4422234B1B5C00AD8531 /* Finance */ = {
			isa = PBXGroup;
			children = (
				787E4423234B1B5C00AD8531 /* AppDelegate.swift */,
				787E4425234B1B5C00AD8531 /* SceneDelegate.swift */,
				787E4427234B1B5C00AD8531 /* ContentView.swift */,
				787E4457234B4EFB00AD8531 /* ProfitView.swift */,
				787E4429234B1B6000AD8531 /* Assets.xcassets */,
				787E442E234B1B6000AD8531 /* LaunchScreen.storyboard */,
				787E4431234B1B6000AD8531 /* Info.plist */,
				787E442B234B1B6000AD8531 /* Preview Content */,
			);
			path = Finance;
			sourceTree = "<group>";
		};
		787E442B234B1B6000AD8531 /* Preview Content */ = {
			isa = PBXGroup;
			children = (
				787E442C234B1B6000AD8531 /* Preview Assets.xcassets */,
			);
			path = "Preview Content";
			sourceTree = "<group>";
		};
/* End PBXGroup section */

/* Begin PBXNativeTarget section */
		787E441F234B1B5C00AD8531 /* Finance */ = {
			isa = PBXNativeTarget;
			buildConfigurationList = 787E4434234B1B6000AD8531 /* Build configuration list for PBXNativeTarget "Finance" */;
			buildPhases = (
				787E441C234B1B5C00AD8531 /* Sources */,
				787E441D234B1B5C00AD8531 /* Frameworks */,
				787E441E234B1B5C00AD8531 /* Resources */,
			);
			buildRules = (
			);
			dependencies = (
			);
			name = Finance;
			productName = Finance;
			productReference = 787E4420234B1B5C00AD8531 /* Finance.app */;
			productType = "com.apple.product-type.application";
		};
/* End PBXNativeTarget section */

/* Begin PBXProject section */
		787E4418234B1B5C00AD8531 /* Project object */ = {
			isa = PBXProject;
			attributes = {
				LastSwiftUpdateCheck = 1100;
				LastUpgradeCheck = 1100;
				ORGANIZATIONNAME = "Mahutin Aleksei";
				TargetAttributes = {
					787E441F234B1B5C00AD8531 = {
						CreatedOnToolsVersion = 11.0;
					};
				};
			};
			buildConfigurationList = 787E441B234B1B5C00AD8531 /* Build configuration list for PBXProject "Finance" */;
			compatibilityVersion = "Xcode 9.3";
			developmentRegion = en;
			hasScannedForEncodings = 0;
			knownRegions = (
				en,
				Base,
			);
			mainGroup = 787E4417234B1B5C00AD8531;
			productRefGroup = 787E4421234B1B5C00AD8531 /* Products */;
			projectDirPath = "";
			projectRoot = "";
			targets = (
				787E441F234B1B5C00AD8531 /* Finance */,
			);
		};
/* End PBXProject section */

/* Begin PBXResourcesBuildPhase section */
		787E441E234B1B5C00AD8531 /* Resources */ = {
			isa = PBXResourcesBuildPhase;
			buildActionMask = 2147483647;
			files = (
				787E4430234B1B6000AD8531 /* LaunchScreen.storyboard in Resources */,
				787E442D234B1B6000AD8531 /* Preview Assets.xcassets in Resources */,
				787E442A234B1B6000AD8531 /* Assets.xcassets in Resources */,
			);
			runOnlyForDeploymentPostprocessing = 0;
		};
/* End PBXResourcesBuildPhase section */

/* Begin PBXSourcesBuildPhase section */
		787E441C234B1B5C00AD8531 /* Sources */ = {
			isa = PBXSourcesBuildPhase;
			buildActionMask = 2147483647;
			files = (
				787E4424234B1B5C00AD8531 /* AppDelegate.swift in Sources */,
				787E4426234B1B5C00AD8531 /* SceneDelegate.swift in Sources */,
				787E4428234B1B5C00AD8531 /* ContentView.swift in Sources */,
				787E4458234B4EFB00AD8531 /* ProfitView.swift in Sources */,
			);
			runOnlyForDeploymentPostprocessing = 0;
		};
/* End PBXSourcesBuildPhase section */

/* Begin PBXVariantGroup section */
		787E442E234B1B6000AD8531 /* LaunchScreen.storyboard */ = {
			isa = PBXVariantGroup;
			children = (
				787E442F234B1B6000AD8531 /* Base */,
			);
			name = LaunchScreen.storyboard;
			sourceTree = "<group>";
		};
/* End PBXVariantGroup section */

/* Begin XCBuildConfiguration section */
		787E4432234B1B6000AD8531 /* Debug */ = {
			isa = XCBuildConfiguration;
			buildSettings = {
				ALWAYS_SEARCH_USER_PATHS = NO;
				CLANG_ANALYZER_NONNULL = YES;
				CLANG_ANALYZER_NUMBER_OBJECT_CONVERSION = YES_AGGRESSIVE;
				CLANG_CXX_LANGUAGE_STANDARD = "gnu++14";
				CLANG_CXX_LIBRARY = "libc++";
				CLANG_ENABLE_MODULES = YES;
				CLANG_ENABLE_OBJC_ARC = YES;
				CLANG_ENABLE_OBJC_WEAK = YES;
				CLANG_WARN_BLOCK_CAPTURE_AUTORELEASING = YES;
				CLANG_WARN_BOOL_CONVERSION = YES;
				CLANG_WARN_COMMA = YES;
				CLANG_WARN_CONSTANT_CONVERSION = YES;
				CLANG_WARN_DEPRECATED_OBJC_IMPLEMENTATIONS = YES;
				CLANG_WARN_DIRECT_OBJC_ISA_USAGE = YES_ERROR;
				CLANG_WARN_DOCUMENTATION_COMMENTS = YES;
				CLANG_WARN_EMPTY_BODY = YES;
				CLANG_WARN_ENUM_CONVERSION = YES;
				CLANG_WARN_INFINITE_RECURSION = YES;
				CLANG_WARN_INT_CONVERSION = YES;
				CLANG_WARN_NON_LITERAL_NULL_CONVERSION = YES;
				CLANG_WARN_OBJC_IMPLICIT_RETAIN_SELF = YES;
				CLANG_WARN_OBJC_LITERAL_CONVERSION = YES;
				CLANG_WARN_OBJC_ROOT_CLASS = YES_ERROR;
				CLANG_WARN_RANGE_LOOP_ANALYSIS = YES;
				CLANG_WARN_STRICT_PROTOTYPES = YES;
				CLANG_WARN_SUSPICIOUS_MOVE = YES;
				CLANG_WARN_UNGUARDED_AVAILABILITY = YES_AGGRESSIVE;
				CLANG_WARN_UNREACHABLE_CODE = YES;
				CLANG_WARN__DUPLICATE_METHOD_MATCH = YES;
				COPY_PHASE_STRIP = NO;
				DEBUG_INFORMATION_FORMAT = dwarf;
				ENABLE_STRICT_OBJC_MSGSEND = YES;
				ENABLE_TESTABILITY = YES;
				GCC_C_LANGUAGE_STANDARD = gnu11;
				GCC_DYNAMIC_NO_PIC = NO;
				GCC_NO_COMMON_BLOCKS = YES;
				GCC_OPTIMIZATION_LEVEL = 0;
				GCC_PREPROCESSOR_DEFINITIONS = (
					"DEBUG=1",
					"$(inherited)",
				);
				GCC_WARN_64_TO_32_BIT_CONVERSION = YES;
				GCC_WARN_ABOUT_RETURN_TYPE = YES_ERROR;
				GCC_WARN_UNDECLARED_SELECTOR = YES;
				GCC_WARN_UNINITIALIZED_AUTOS = YES_AGGRESSIVE;
				GCC_WARN_UNUSED_FUNCTION = YES;
				GCC_WARN_UNUSED_VARIABLE = YES;
				IPHONEOS_DEPLOYMENT_TARGET = 13.0;
				MTL_ENABLE_DEBUG_INFO = INCLUDE_SOURCE;
				MTL_FAST_MATH = YES;
				ONLY_ACTIVE_ARCH = YES;
				SDKROOT = iphoneos;
				SWIFT_ACTIVE_COMPILATION_CONDITIONS = DEBUG;
				SWIFT_OPTIMIZATION_LEVEL = "-Onone";
			};
			name = Debug;
		};
		787E4433234B1B6000AD8531 /* Release */ = {
			isa = XCBuildConfiguration;
			buildSettings = {
				ALWAYS_SEARCH_USER_PATHS = NO;
				CLANG_ANALYZER_NONNULL = YES;
				CLANG_ANALYZER_NUMBER_OBJECT_CONVERSION = YES_AGGRESSIVE;
				CLANG_CXX_LANGUAGE_STANDARD = "gnu++14";
				CLANG_CXX_LIBRARY = "libc++";
				CLANG_ENABLE_MODULES = YES;
				CLANG_ENABLE_OBJC_ARC = YES;
				CLANG_ENABLE_OBJC_WEAK = YES;
				CLANG_WARN_BLOCK_CAPTURE_AUTORELEASING = YES;
				CLANG_WARN_BOOL_CONVERSION = YES;
				CLANG_WARN_COMMA = YES;
				CLANG_WARN_CONSTANT_CONVERSION = YES;
				CLANG_WARN_DEPRECATED_OBJC_IMPLEMENTATIONS = YES;
				CLANG_WARN_DIRECT_OBJC_ISA_USAGE = YES_ERROR;
				CLANG_WARN_DOCUMENTATION_COMMENTS = YES;
				CLANG_WARN_EMPTY_BODY = YES;
				CLANG_WARN_ENUM_CONVERSION = YES;
				CLANG_WARN_INFINITE_RECURSION = YES;
				CLANG_WARN_INT_CONVERSION = YES;
				CLANG_WARN_NON_LITERAL_NULL_CONVERSION = YES;
				CLANG_WARN_OBJC_IMPLICIT_RETAIN_SELF = YES;
				CLANG_WARN_OBJC_LITERAL_CONVERSION = YES;
				CLANG_WARN_OBJC_ROOT_CLASS = YES_ERROR;
				CLANG_WARN_RANGE_LOOP_ANALYSIS = YES;
				CLANG_WARN_STRICT_PROTOTYPES = YES;
				CLANG_WARN_SUSPICIOUS_MOVE = YES;
				CLANG_WARN_UNGUARDED_AVAILABILITY = YES_AGGRESSIVE;
				CLANG_WARN_UNREACHABLE_CODE = YES;
				CLANG_WARN__DUPLICATE_METHOD_MATCH = YES;
				COPY_PHASE_STRIP = NO;
				DEBUG_INFORMATION_FORMAT = "dwarf-with-dsym";
				ENABLE_NS_ASSERTIONS = NO;
				ENABLE_STRICT_OBJC_MSGSEND = YES;
				GCC_C_LANGUAGE_STANDARD = gnu11;
				GCC_NO_COMMON_BLOCKS = YES;
				GCC_WARN_64_TO_32_BIT_CONVERSION = YES;
				GCC_WARN_ABOUT_RETURN_TYPE = YES_ERROR;
				GCC_WARN_UNDECLARED_SELECTOR = YES;
				GCC_WARN_UNINITIALIZED_AUTOS = YES_AGGRESSIVE;
				GCC_WARN_UNUSED_FUNCTION = YES;
				GCC_WARN_UNUSED_VARIABLE = YES;
				IPHONEOS_DEPLOYMENT_TARGET = 13.0;
				MTL_ENABLE_DEBUG_INFO = NO;
				MTL_FAST_MATH = YES;
				SDKROOT = iphoneos;
				SWIFT_COMPILATION_MODE = wholemodule;
				SWIFT_OPTIMIZATION_LEVEL = "-O";
				VALIDATE_PRODUCT = YES;
			};
			name = Release;
		};
		787E4435234B1B6000AD8531 /* Debug */ = {
			isa = XCBuildConfiguration;
			buildSettings = {
				ASSETCATALOG_COMPILER_APPICON_NAME = AppIcon;
				CODE_SIGN_STYLE = Automatic;
				DEVELOPMENT_ASSET_PATHS = "\"Finance/Preview Content\"";
				DEVELOPMENT_TEAM = MZTVVF39C7;
				ENABLE_PREVIEWS = YES;
				INFOPLIST_FILE = Finance/Info.plist;
				LD_RUNPATH_SEARCH_PATHS = (
					"$(inherited)",
					"@executable_path/Frameworks",
				);
				PRODUCT_BUNDLE_IDENTIFIER = "Mahutin-Aleksei.Finance";
				PRODUCT_NAME = "$(TARGET_NAME)";
				SWIFT_VERSION = 5.0;
				TARGETED_DEVICE_FAMILY = "1,2";
			};
			name = Debug;
		};
		787E4436234B1B6000AD8531 /* Release */ = {
			isa = XCBuildConfiguration;
			buildSettings = {
				ASSETCATALOG_COMPILER_APPICON_NAME = AppIcon;
				CODE_SIGN_STYLE = Automatic;
				DEVELOPMENT_ASSET_PATHS = "\"Finance/Preview Content\"";
				DEVELOPMENT_TEAM = MZTVVF39C7;
				ENABLE_PREVIEWS = YES;
				INFOPLIST_FILE = Finance/Info.plist;
				LD_RUNPATH_SEARCH_PATHS = (
					"$(inherited)",
					"@executable_path/Frameworks",
				);
				PRODUCT_BUNDLE_IDENTIFIER = "Mahutin-Aleksei.Finance";
				PRODUCT_NAME = "$(TARGET_NAME)";
				SWIFT_VERSION = 5.0;
				TARGETED_DEVICE_FAMILY = "1,2";
			};
			name = Release;
		};
/* End XCBuildConfiguration section */

/* Begin XCConfigurationList section */
		787E441B234B1B5C00AD8531 /* Build configuration list for PBXProject "Finance" */ = {
			isa = XCConfigurationList;
			buildConfigurations = (
				787E4432234B1B6000AD8531 /* Debug */,
				787E4433234B1B6000AD8531 /* Release */,
			);
			defaultConfigurationIsVisible = 0;
			defaultConfigurationName = Release;
		};
		787E4434234B1B6000AD8531 /* Build configuration list for PBXNativeTarget "Finance" */ = {
			isa = XCConfigurationList;
			buildConfigurations = (
				787E4435234B1B6000AD8531 /* Debug */,
				787E4436234B1B6000AD8531 /* Release */,
			);
			defaultConfigurationIsVisible = 0;
			defaultConfigurationName = Release;
		};
/* End XCConfigurationList section */
	};
	rootObject = 787E4418234B1B5C00AD8531 /* Project object */;
}
